// !$*UTF8*$!
{
	archiveVersion = 1;
	classes = {
	};
	objectVersion = 50;
	objects = {

/* Begin PBXBuildFile section */
		8D3590332541D70700FA8333 /* AppDelegate.swift in Sources */ = {isa = PBXBuildFile; fileRef = 8D3590322541D70700FA8333 /* AppDelegate.swift */; };
		8D3590352541D70800FA8333 /* SceneDelegate.swift in Sources */ = {isa = PBXBuildFile; fileRef = 8D3590342541D70800FA8333 /* SceneDelegate.swift */; };
		8D3590372541D70800FA8333 /* ViewController.swift in Sources */ = {isa = PBXBuildFile; fileRef = 8D3590362541D70800FA8333 /* ViewController.swift */; };
		8D35903A2541D70800FA8333 /* Main.storyboard in Resources */ = {isa = PBXBuildFile; fileRef = 8D3590382541D70800FA8333 /* Main.storyboard */; };
		8D35903D2541D70800FA8333 /* The_Mars_Roll_iOS.xcdatamodeld in Sources */ = {isa = PBXBuildFile; fileRef = 8D35903B2541D70800FA8333 /* The_Mars_Roll_iOS.xcdatamodeld */; };
		8D35903F2541D70800FA8333 /* Assets.xcassets in Resources */ = {isa = PBXBuildFile; fileRef = 8D35903E2541D70800FA8333 /* Assets.xcassets */; };
		8D3590422541D70800FA8333 /* LaunchScreen.storyboard in Resources */ = {isa = PBXBuildFile; fileRef = 8D3590402541D70800FA8333 /* LaunchScreen.storyboard */; };
		8D35904D2541D70800FA8333 /* The_Mars_Roll_iOSTests.swift in Sources */ = {isa = PBXBuildFile; fileRef = 8D35904C2541D70800FA8333 /* The_Mars_Roll_iOSTests.swift */; };
		8D3590582541D70800FA8333 /* The_Mars_Roll_iOSUITests.swift in Sources */ = {isa = PBXBuildFile; fileRef = 8D3590572541D70800FA8333 /* The_Mars_Roll_iOSUITests.swift */; };
/* End PBXBuildFile section */

/* Begin PBXContainerItemProxy section */
		8D3590492541D70800FA8333 /* PBXContainerItemProxy */ = {
			isa = PBXContainerItemProxy;
			containerPortal = 8D3590272541D70700FA8333 /* Project object */;
			proxyType = 1;
			remoteGlobalIDString = 8D35902E2541D70700FA8333;
			remoteInfo = "The Mars Roll iOS";
		};
		8D3590542541D70800FA8333 /* PBXContainerItemProxy */ = {
			isa = PBXContainerItemProxy;
			containerPortal = 8D3590272541D70700FA8333 /* Project object */;
			proxyType = 1;
			remoteGlobalIDString = 8D35902E2541D70700FA8333;
			remoteInfo = "The Mars Roll iOS";
		};
/* End PBXContainerItemProxy section */

/* Begin PBXFileReference section */
		8D35902F2541D70700FA8333 /* The Mars Roll iOS.app */ = {isa = PBXFileReference; explicitFileType = wrapper.application; includeInIndex = 0; path = "The Mars Roll iOS.app"; sourceTree = BUILT_PRODUCTS_DIR; };
		8D3590322541D70700FA8333 /* AppDelegate.swift */ = {isa = PBXFileReference; lastKnownFileType = sourcecode.swift; path = AppDelegate.swift; sourceTree = "<group>"; };
		8D3590342541D70800FA8333 /* SceneDelegate.swift */ = {isa = PBXFileReference; lastKnownFileType = sourcecode.swift; path = SceneDelegate.swift; sourceTree = "<group>"; };
		8D3590362541D70800FA8333 /* ViewController.swift */ = {isa = PBXFileReference; lastKnownFileType = sourcecode.swift; path = ViewController.swift; sourceTree = "<group>"; };
		8D3590392541D70800FA8333 /* Base */ = {isa = PBXFileReference; lastKnownFileType = file.storyboard; name = Base; path = Base.lproj/Main.storyboard; sourceTree = "<group>"; };
		8D35903C2541D70800FA8333 /* The_Mars_Roll_iOS.xcdatamodel */ = {isa = PBXFileReference; lastKnownFileType = wrapper.xcdatamodel; path = The_Mars_Roll_iOS.xcdatamodel; sourceTree = "<group>"; };
		8D35903E2541D70800FA8333 /* Assets.xcassets */ = {isa = PBXFileReference; lastKnownFileType = folder.assetcatalog; path = Assets.xcassets; sourceTree = "<group>"; };
		8D3590412541D70800FA8333 /* Base */ = {isa = PBXFileReference; lastKnownFileType = file.storyboard; name = Base; path = Base.lproj/LaunchScreen.storyboard; sourceTree = "<group>"; };
		8D3590432541D70800FA8333 /* Info.plist */ = {isa = PBXFileReference; lastKnownFileType = text.plist.xml; path = Info.plist; sourceTree = "<group>"; };
		8D3590482541D70800FA8333 /* The Mars Roll iOSTests.xctest */ = {isa = PBXFileReference; explicitFileType = wrapper.cfbundle; includeInIndex = 0; path = "The Mars Roll iOSTests.xctest"; sourceTree = BUILT_PRODUCTS_DIR; };
		8D35904C2541D70800FA8333 /* The_Mars_Roll_iOSTests.swift */ = {isa = PBXFileReference; lastKnownFileType = sourcecode.swift; path = The_Mars_Roll_iOSTests.swift; sourceTree = "<group>"; };
		8D35904E2541D70800FA8333 /* Info.plist */ = {isa = PBXFileReference; lastKnownFileType = text.plist.xml; path = Info.plist; sourceTree = "<group>"; };
		8D3590532541D70800FA8333 /* The Mars Roll iOSUITests.xctest */ = {isa = PBXFileReference; explicitFileType = wrapper.cfbundle; includeInIndex = 0; path = "The Mars Roll iOSUITests.xctest"; sourceTree = BUILT_PRODUCTS_DIR; };
		8D3590572541D70800FA8333 /* The_Mars_Roll_iOSUITests.swift */ = {isa = PBXFileReference; lastKnownFileType = sourcecode.swift; path = The_Mars_Roll_iOSUITests.swift; sourceTree = "<group>"; };
		8D3590592541D70800FA8333 /* Info.plist */ = {isa = PBXFileReference; lastKnownFileType = text.plist.xml; path = Info.plist; sourceTree = "<group>"; };
/* End PBXFileReference section */

/* Begin PBXFrameworksBuildPhase section */
		8D35902C2541D70700FA8333 /* Frameworks */ = {
			isa = PBXFrameworksBuildPhase;
			buildActionMask = 2147483647;
			files = (
			);
			runOnlyForDeploymentPostprocessing = 0;
		};
		8D3590452541D70800FA8333 /* Frameworks */ = {
			isa = PBXFrameworksBuildPhase;
			buildActionMask = 2147483647;
			files = (
			);
			runOnlyForDeploymentPostprocessing = 0;
		};
		8D3590502541D70800FA8333 /* Frameworks */ = {
			isa = PBXFrameworksBuildPhase;
			buildActionMask = 2147483647;
			files = (
			);
			runOnlyForDeploymentPostprocessing = 0;
		};
/* End PBXFrameworksBuildPhase section */

/* Begin PBXGroup section */
		8D3590262541D70700FA8333 = {
			isa = PBXGroup;
			children = (
				8D3590312541D70700FA8333 /* The Mars Roll iOS */,
				8D35904B2541D70800FA8333 /* The Mars Roll iOSTests */,
				8D3590562541D70800FA8333 /* The Mars Roll iOSUITests */,
				8D3590302541D70700FA8333 /* Products */,
			);
			sourceTree = "<group>";
		};
		8D3590302541D70700FA8333 /* Products */ = {
			isa = PBXGroup;
			children = (
				8D35902F2541D70700FA8333 /* The Mars Roll iOS.app */,
				8D3590482541D70800FA8333 /* The Mars Roll iOSTests.xctest */,
				8D3590532541D70800FA8333 /* The Mars Roll iOSUITests.xctest */,
			);
			name = Products;
			sourceTree = "<group>";
		};
		8D3590312541D70700FA8333 /* The Mars Roll iOS */ = {
			isa = PBXGroup;
			children = (
				8D3590322541D70700FA8333 /* AppDelegate.swift */,
				8D3590342541D70800FA8333 /* SceneDelegate.swift */,
				8D3590362541D70800FA8333 /* ViewController.swift */,
				8D3590382541D70800FA8333 /* Main.storyboard */,
				8D35903E2541D70800FA8333 /* Assets.xcassets */,
				8D3590402541D70800FA8333 /* LaunchScreen.storyboard */,
				8D3590432541D70800FA8333 /* Info.plist */,
				8D35903B2541D70800FA8333 /* The_Mars_Roll_iOS.xcdatamodeld */,
			);
			path = "The Mars Roll iOS";
			sourceTree = "<group>";
		};
		8D35904B2541D70800FA8333 /* The Mars Roll iOSTests */ = {
			isa = PBXGroup;
			children = (
				8D35904C2541D70800FA8333 /* The_Mars_Roll_iOSTests.swift */,
				8D35904E2541D70800FA8333 /* Info.plist */,
			);
			path = "The Mars Roll iOSTests";
			sourceTree = "<group>";
		};
		8D3590562541D70800FA8333 /* The Mars Roll iOSUITests */ = {
			isa = PBXGroup;
			children = (
				8D3590572541D70800FA8333 /* The_Mars_Roll_iOSUITests.swift */,
				8D3590592541D70800FA8333 /* Info.plist */,
			);
			path = "The Mars Roll iOSUITests";
			sourceTree = "<group>";
		};
/* End PBXGroup section */

/* Begin PBXNativeTarget section */
		8D35902E2541D70700FA8333 /* The Mars Roll iOS */ = {
			isa = PBXNativeTarget;
			buildConfigurationList = 8D35905C2541D70800FA8333 /* Build configuration list for PBXNativeTarget "The Mars Roll iOS" */;
			buildPhases = (
				8D35902B2541D70700FA8333 /* Sources */,
				8D35902C2541D70700FA8333 /* Frameworks */,
				8D35902D2541D70700FA8333 /* Resources */,
			);
			buildRules = (
			);
			dependencies = (
			);
			name = "The Mars Roll iOS";
			productName = "The Mars Roll iOS";
			productReference = 8D35902F2541D70700FA8333 /* The Mars Roll iOS.app */;
			productType = "com.apple.product-type.application";
		};
		8D3590472541D70800FA8333 /* The Mars Roll iOSTests */ = {
			isa = PBXNativeTarget;
			buildConfigurationList = 8D35905F2541D70800FA8333 /* Build configuration list for PBXNativeTarget "The Mars Roll iOSTests" */;
			buildPhases = (
				8D3590442541D70800FA8333 /* Sources */,
				8D3590452541D70800FA8333 /* Frameworks */,
				8D3590462541D70800FA8333 /* Resources */,
			);
			buildRules = (
			);
			dependencies = (
				8D35904A2541D70800FA8333 /* PBXTargetDependency */,
			);
			name = "The Mars Roll iOSTests";
			productName = "The Mars Roll iOSTests";
			productReference = 8D3590482541D70800FA8333 /* The Mars Roll iOSTests.xctest */;
			productType = "com.apple.product-type.bundle.unit-test";
		};
		8D3590522541D70800FA8333 /* The Mars Roll iOSUITests */ = {
			isa = PBXNativeTarget;
			buildConfigurationList = 8D3590622541D70800FA8333 /* Build configuration list for PBXNativeTarget "The Mars Roll iOSUITests" */;
			buildPhases = (
				8D35904F2541D70800FA8333 /* Sources */,
				8D3590502541D70800FA8333 /* Frameworks */,
				8D3590512541D70800FA8333 /* Resources */,
			);
			buildRules = (
			);
			dependencies = (
				8D3590552541D70800FA8333 /* PBXTargetDependency */,
			);
			name = "The Mars Roll iOSUITests";
			productName = "The Mars Roll iOSUITests";
			productReference = 8D3590532541D70800FA8333 /* The Mars Roll iOSUITests.xctest */;
			productType = "com.apple.product-type.bundle.ui-testing";
		};
/* End PBXNativeTarget section */

/* Begin PBXProject section */
		8D3590272541D70700FA8333 /* Project object */ = {
			isa = PBXProject;
			attributes = {
				LastSwiftUpdateCheck = 1200;
				LastUpgradeCheck = 1200;
				TargetAttributes = {
					8D35902E2541D70700FA8333 = {
						CreatedOnToolsVersion = 12.0.1;
					};
					8D3590472541D70800FA8333 = {
						CreatedOnToolsVersion = 12.0.1;
						TestTargetID = 8D35902E2541D70700FA8333;
					};
					8D3590522541D70800FA8333 = {
						CreatedOnToolsVersion = 12.0.1;
						TestTargetID = 8D35902E2541D70700FA8333;
					};
				};
			};
			buildConfigurationList = 8D35902A2541D70700FA8333 /* Build configuration list for PBXProject "The Mars Roll iOS" */;
			compatibilityVersion = "Xcode 9.3";
			developmentRegion = en;
			hasScannedForEncodings = 0;
			knownRegions = (
				en,
				Base,
			);
			mainGroup = 8D3590262541D70700FA8333;
			productRefGroup = 8D3590302541D70700FA8333 /* Products */;
			projectDirPath = "";
			projectRoot = "";
			targets = (
				8D35902E2541D70700FA8333 /* The Mars Roll iOS */,
				8D3590472541D70800FA8333 /* The Mars Roll iOSTests */,
				8D3590522541D70800FA8333 /* The Mars Roll iOSUITests */,
			);
		};
/* End PBXProject section */

/* Begin PBXResourcesBuildPhase section */
		8D35902D2541D70700FA8333 /* Resources */ = {
			isa = PBXResourcesBuildPhase;
			buildActionMask = 2147483647;
			files = (
				8D3590422541D70800FA8333 /* LaunchScreen.storyboard in Resources */,
				8D35903F2541D70800FA8333 /* Assets.xcassets in Resources */,
				8D35903A2541D70800FA8333 /* Main.storyboard in Resources */,
			);
			runOnlyForDeploymentPostprocessing = 0;
		};
		8D3590462541D70800FA8333 /* Resources */ = {
			isa = PBXResourcesBuildPhase;
			buildActionMask = 2147483647;
			files = (
			);
			runOnlyForDeploymentPostprocessing = 0;
		};
		8D3590512541D70800FA8333 /* Resources */ = {
			isa = PBXResourcesBuildPhase;
			buildActionMask = 2147483647;
			files = (
			);
			runOnlyForDeploymentPostprocessing = 0;
		};
/* End PBXResourcesBuildPhase section */

/* Begin PBXSourcesBuildPhase section */
		8D35902B2541D70700FA8333 /* Sources */ = {
			isa = PBXSourcesBuildPhase;
			buildActionMask = 2147483647;
			files = (
				8D3590372541D70800FA8333 /* ViewController.swift in Sources */,
				8D3590332541D70700FA8333 /* AppDelegate.swift in Sources */,
				8D3590352541D70800FA8333 /* SceneDelegate.swift in Sources */,
				8D35903D2541D70800FA8333 /* The_Mars_Roll_iOS.xcdatamodeld in Sources */,
			);
			runOnlyForDeploymentPostprocessing = 0;
		};
		8D3590442541D70800FA8333 /* Sources */ = {
			isa = PBXSourcesBuildPhase;
			buildActionMask = 2147483647;
			files = (
				8D35904D2541D70800FA8333 /* The_Mars_Roll_iOSTests.swift in Sources */,
			);
			runOnlyForDeploymentPostprocessing = 0;
		};
		8D35904F2541D70800FA8333 /* Sources */ = {
			isa = PBXSourcesBuildPhase;
			buildActionMask = 2147483647;
			files = (
				8D3590582541D70800FA8333 /* The_Mars_Roll_iOSUITests.swift in Sources */,
			);
			runOnlyForDeploymentPostprocessing = 0;
		};
/* End PBXSourcesBuildPhase section */

/* Begin PBXTargetDependency section */
		8D35904A2541D70800FA8333 /* PBXTargetDependency */ = {
			isa = PBXTargetDependency;
			target = 8D35902E2541D70700FA8333 /* The Mars Roll iOS */;
			targetProxy = 8D3590492541D70800FA8333 /* PBXContainerItemProxy */;
		};
		8D3590552541D70800FA8333 /* PBXTargetDependency */ = {
			isa = PBXTargetDependency;
			target = 8D35902E2541D70700FA8333 /* The Mars Roll iOS */;
			targetProxy = 8D3590542541D70800FA8333 /* PBXContainerItemProxy */;
		};
/* End PBXTargetDependency section */

/* Begin PBXVariantGroup section */
		8D3590382541D70800FA8333 /* Main.storyboard */ = {
			isa = PBXVariantGroup;
			children = (
				8D3590392541D70800FA8333 /* Base */,
			);
			name = Main.storyboard;
			sourceTree = "<group>";
		};
		8D3590402541D70800FA8333 /* LaunchScreen.storyboard */ = {
			isa = PBXVariantGroup;
			children = (
				8D3590412541D70800FA8333 /* Base */,
			);
			name = LaunchScreen.storyboard;
			sourceTree = "<group>";
		};
/* End PBXVariantGroup section */

/* Begin XCBuildConfiguration section */
		8D35905A2541D70800FA8333 /* Debug */ = {
			isa = XCBuildConfiguration;
			buildSettings = {
				ALWAYS_SEARCH_USER_PATHS = NO;
				CLANG_ANALYZER_NONNULL = YES;
				CLANG_ANALYZER_NUMBER_OBJECT_CONVERSION = YES_AGGRESSIVE;
				CLANG_CXX_LANGUAGE_STANDARD = "gnu++14";
				CLANG_CXX_LIBRARY = "libc++";
				CLANG_ENABLE_MODULES = YES;
				CLANG_ENABLE_OBJC_ARC = YES;
				CLANG_ENABLE_OBJC_WEAK = YES;
				CLANG_WARN_BLOCK_CAPTURE_AUTORELEASING = YES;
				CLANG_WARN_BOOL_CONVERSION = YES;
				CLANG_WARN_COMMA = YES;
				CLANG_WARN_CONSTANT_CONVERSION = YES;
				CLANG_WARN_DEPRECATED_OBJC_IMPLEMENTATIONS = YES;
				CLANG_WARN_DIRECT_OBJC_ISA_USAGE = YES_ERROR;
				CLANG_WARN_DOCUMENTATION_COMMENTS = YES;
				CLANG_WARN_EMPTY_BODY = YES;
				CLANG_WARN_ENUM_CONVERSION = YES;
				CLANG_WARN_INFINITE_RECURSION = YES;
				CLANG_WARN_INT_CONVERSION = YES;
				CLANG_WARN_NON_LITERAL_NULL_CONVERSION = YES;
				CLANG_WARN_OBJC_IMPLICIT_RETAIN_SELF = YES;
				CLANG_WARN_OBJC_LITERAL_CONVERSION = YES;
				CLANG_WARN_OBJC_ROOT_CLASS = YES_ERROR;
				CLANG_WARN_QUOTED_INCLUDE_IN_FRAMEWORK_HEADER = YES;
				CLANG_WARN_RANGE_LOOP_ANALYSIS = YES;
				CLANG_WARN_STRICT_PROTOTYPES = YES;
				CLANG_WARN_SUSPICIOUS_MOVE = YES;
				CLANG_WARN_UNGUARDED_AVAILABILITY = YES_AGGRESSIVE;
				CLANG_WARN_UNREACHABLE_CODE = YES;
				CLANG_WARN__DUPLICATE_METHOD_MATCH = YES;
				COPY_PHASE_STRIP = NO;
				DEBUG_INFORMATION_FORMAT = dwarf;
				ENABLE_STRICT_OBJC_MSGSEND = YES;
				ENABLE_TESTABILITY = YES;
				GCC_C_LANGUAGE_STANDARD = gnu11;
				GCC_DYNAMIC_NO_PIC = NO;
				GCC_NO_COMMON_BLOCKS = YES;
				GCC_OPTIMIZATION_LEVEL = 0;
				GCC_PREPROCESSOR_DEFINITIONS = (
					"DEBUG=1",
					"$(inherited)",
				);
				GCC_WARN_64_TO_32_BIT_CONVERSION = YES;
				GCC_WARN_ABOUT_RETURN_TYPE = YES_ERROR;
				GCC_WARN_UNDECLARED_SELECTOR = YES;
				GCC_WARN_UNINITIALIZED_AUTOS = YES_AGGRESSIVE;
				GCC_WARN_UNUSED_FUNCTION = YES;
				GCC_WARN_UNUSED_VARIABLE = YES;
				IPHONEOS_DEPLOYMENT_TARGET = 14.0;
				MTL_ENABLE_DEBUG_INFO = INCLUDE_SOURCE;
				MTL_FAST_MATH = YES;
				ONLY_ACTIVE_ARCH = YES;
				SDKROOT = iphoneos;
				SWIFT_ACTIVE_COMPILATION_CONDITIONS = DEBUG;
				SWIFT_OPTIMIZATION_LEVEL = "-Onone";
			};
			name = Debug;
		};
		8D35905B2541D70800FA8333 /* Release */ = {
			isa = XCBuildConfiguration;
			buildSettings = {
				ALWAYS_SEARCH_USER_PATHS = NO;
				CLANG_ANALYZER_NONNULL = YES;
				CLANG_ANALYZER_NUMBER_OBJECT_CONVERSION = YES_AGGRESSIVE;
				CLANG_CXX_LANGUAGE_STANDARD = "gnu++14";
				CLANG_CXX_LIBRARY = "libc++";
				CLANG_ENABLE_MODULES = YES;
				CLANG_ENABLE_OBJC_ARC = YES;
				CLANG_ENABLE_OBJC_WEAK = YES;
				CLANG_WARN_BLOCK_CAPTURE_AUTORELEASING = YES;
				CLANG_WARN_BOOL_CONVERSION = YES;
				CLANG_WARN_COMMA = YES;
				CLANG_WARN_CONSTANT_CONVERSION = YES;
				CLANG_WARN_DEPRECATED_OBJC_IMPLEMENTATIONS = YES;
				CLANG_WARN_DIRECT_OBJC_ISA_USAGE = YES_ERROR;
				CLANG_WARN_DOCUMENTATION_COMMENTS = YES;
				CLANG_WARN_EMPTY_BODY = YES;
				CLANG_WARN_ENUM_CONVERSION = YES;
				CLANG_WARN_INFINITE_RECURSION = YES;
				CLANG_WARN_INT_CONVERSION = YES;
				CLANG_WARN_NON_LITERAL_NULL_CONVERSION = YES;
				CLANG_WARN_OBJC_IMPLICIT_RETAIN_SELF = YES;
				CLANG_WARN_OBJC_LITERAL_CONVERSION = YES;
				CLANG_WARN_OBJC_ROOT_CLASS = YES_ERROR;
				CLANG_WARN_QUOTED_INCLUDE_IN_FRAMEWORK_HEADER = YES;
				CLANG_WARN_RANGE_LOOP_ANALYSIS = YES;
				CLANG_WARN_STRICT_PROTOTYPES = YES;
				CLANG_WARN_SUSPICIOUS_MOVE = YES;
				CLANG_WARN_UNGUARDED_AVAILABILITY = YES_AGGRESSIVE;
				CLANG_WARN_UNREACHABLE_CODE = YES;
				CLANG_WARN__DUPLICATE_METHOD_MATCH = YES;
				COPY_PHASE_STRIP = NO;
				DEBUG_INFORMATION_FORMAT = "dwarf-with-dsym";
				ENABLE_NS_ASSERTIONS = NO;
				ENABLE_STRICT_OBJC_MSGSEND = YES;
				GCC_C_LANGUAGE_STANDARD = gnu11;
				GCC_NO_COMMON_BLOCKS = YES;
				GCC_WARN_64_TO_32_BIT_CONVERSION = YES;
				GCC_WARN_ABOUT_RETURN_TYPE = YES_ERROR;
				GCC_WARN_UNDECLARED_SELECTOR = YES;
				GCC_WARN_UNINITIALIZED_AUTOS = YES_AGGRESSIVE;
				GCC_WARN_UNUSED_FUNCTION = YES;
				GCC_WARN_UNUSED_VARIABLE = YES;
				IPHONEOS_DEPLOYMENT_TARGET = 14.0;
				MTL_ENABLE_DEBUG_INFO = NO;
				MTL_FAST_MATH = YES;
				SDKROOT = iphoneos;
				SWIFT_COMPILATION_MODE = wholemodule;
				SWIFT_OPTIMIZATION_LEVEL = "-O";
				VALIDATE_PRODUCT = YES;
			};
			name = Release;
		};
		8D35905D2541D70800FA8333 /* Debug */ = {
			isa = XCBuildConfiguration;
			buildSettings = {
				ASSETCATALOG_COMPILER_APPICON_NAME = AppIcon;
				ASSETCATALOG_COMPILER_GLOBAL_ACCENT_COLOR_NAME = AccentColor;
				CODE_SIGN_STYLE = Automatic;
				DEVELOPMENT_TEAM = 7Y48ZNBYL5;
				INFOPLIST_FILE = "The Mars Roll iOS/Info.plist";
				LD_RUNPATH_SEARCH_PATHS = (
					"$(inherited)",
					"@executable_path/Frameworks",
				);
				PRODUCT_BUNDLE_IDENTIFIER = "com.dev20tx.The-Mars-Roll-iOS";
				PRODUCT_NAME = "$(TARGET_NAME)";
				SWIFT_VERSION = 5.0;
				TARGETED_DEVICE_FAMILY = "1,2";
			};
			name = Debug;
		};
		8D35905E2541D70800FA8333 /* Release */ = {
			isa = XCBuildConfiguration;
			buildSettings = {
				ASSETCATALOG_COMPILER_APPICON_NAME = AppIcon;
				ASSETCATALOG_COMPILER_GLOBAL_ACCENT_COLOR_NAME = AccentColor;
				CODE_SIGN_STYLE = Automatic;
				DEVELOPMENT_TEAM = 7Y48ZNBYL5;
				INFOPLIST_FILE = "The Mars Roll iOS/Info.plist";
				LD_RUNPATH_SEARCH_PATHS = (
					"$(inherited)",
					"@executable_path/Frameworks",
				);
				PRODUCT_BUNDLE_IDENTIFIER = "com.dev20tx.The-Mars-Roll-iOS";
				PRODUCT_NAME = "$(TARGET_NAME)";
				SWIFT_VERSION = 5.0;
				TARGETED_DEVICE_FAMILY = "1,2";
			};
			name = Release;
		};
		8D3590602541D70800FA8333 /* Debug */ = {
			isa = XCBuildConfiguration;
			buildSettings = {
				ALWAYS_EMBED_SWIFT_STANDARD_LIBRARIES = YES;
				BUNDLE_LOADER = "$(TEST_HOST)";
				CODE_SIGN_STYLE = Automatic;
				INFOPLIST_FILE = "The Mars Roll iOSTests/Info.plist";
				IPHONEOS_DEPLOYMENT_TARGET = 14.0;
				LD_RUNPATH_SEARCH_PATHS = (
					"$(inherited)",
					"@executable_path/Frameworks",
					"@loader_path/Frameworks",
				);
				PRODUCT_BUNDLE_IDENTIFIER = "com.dev20tx.The-Mars-Roll-iOSTests";
				PRODUCT_NAME = "$(TARGET_NAME)";
				SWIFT_VERSION = 5.0;
				TARGETED_DEVICE_FAMILY = "1,2";
				TEST_HOST = "$(BUILT_PRODUCTS_DIR)/The Mars Roll iOS.app/Contents/MacOS/The Mars Roll iOS";
			};
			name = Debug;
		};
		8D3590612541D70800FA8333 /* Release */ = {
			isa = XCBuildConfiguration;
			buildSettings = {
				ALWAYS_EMBED_SWIFT_STANDARD_LIBRARIES = YES;
				BUNDLE_LOADER = "$(TEST_HOST)";
				CODE_SIGN_STYLE = Automatic;
				INFOPLIST_FILE = "The Mars Roll iOSTests/Info.plist";
				IPHONEOS_DEPLOYMENT_TARGET = 14.0;
				LD_RUNPATH_SEARCH_PATHS = (
					"$(inherited)",
					"@executable_path/Frameworks",
					"@loader_path/Frameworks",
				);
				PRODUCT_BUNDLE_IDENTIFIER = "com.dev20tx.The-Mars-Roll-iOSTests";
				PRODUCT_NAME = "$(TARGET_NAME)";
				SWIFT_VERSION = 5.0;
				TARGETED_DEVICE_FAMILY = "1,2";
				TEST_HOST = "$(BUILT_PRODUCTS_DIR)/The Mars Roll iOS.app/Contents/MacOS/The Mars Roll iOS";
			};
			name = Release;
		};
		8D3590632541D70800FA8333 /* Debug */ = {
			isa = XCBuildConfiguration;
			buildSettings = {
				ALWAYS_EMBED_SWIFT_STANDARD_LIBRARIES = YES;
				CODE_SIGN_STYLE = Automatic;
				INFOPLIST_FILE = "The Mars Roll iOSUITests/Info.plist";
				LD_RUNPATH_SEARCH_PATHS = (
					"$(inherited)",
					"@executable_path/Frameworks",
					"@loader_path/Frameworks",
				);
				PRODUCT_BUNDLE_IDENTIFIER = "com.dev20tx.The-Mars-Roll-iOSUITests";
				PRODUCT_NAME = "$(TARGET_NAME)";
				SWIFT_VERSION = 5.0;
				TARGETED_DEVICE_FAMILY = "1,2";
				TEST_TARGET_NAME = "The Mars Roll iOS";
			};
			name = Debug;
		};
		8D3590642541D70800FA8333 /* Release */ = {
			isa = XCBuildConfiguration;
			buildSettings = {
				ALWAYS_EMBED_SWIFT_STANDARD_LIBRARIES = YES;
				CODE_SIGN_STYLE = Automatic;
				INFOPLIST_FILE = "The Mars Roll iOSUITests/Info.plist";
				LD_RUNPATH_SEARCH_PATHS = (
					"$(inherited)",
					"@executable_path/Frameworks",
					"@loader_path/Frameworks",
				);
				PRODUCT_BUNDLE_IDENTIFIER = "com.dev20tx.The-Mars-Roll-iOSUITests";
				PRODUCT_NAME = "$(TARGET_NAME)";
				SWIFT_VERSION = 5.0;
				TARGETED_DEVICE_FAMILY = "1,2";
				TEST_TARGET_NAME = "The Mars Roll iOS";
			};
			name = Release;
		};
/* End XCBuildConfiguration section */

/* Begin XCConfigurationList section */
		8D35902A2541D70700FA8333 /* Build configuration list for PBXProject "The Mars Roll iOS" */ = {
			isa = XCConfigurationList;
			buildConfigurations = (
				8D35905A2541D70800FA8333 /* Debug */,
				8D35905B2541D70800FA8333 /* Release */,
			);
			defaultConfigurationIsVisible = 0;
			defaultConfigurationName = Release;
		};
		8D35905C2541D70800FA8333 /* Build configuration list for PBXNativeTarget "The Mars Roll iOS" */ = {
			isa = XCConfigurationList;
			buildConfigurations = (
				8D35905D2541D70800FA8333 /* Debug */,
				8D35905E2541D70800FA8333 /* Release */,
			);
			defaultConfigurationIsVisible = 0;
			defaultConfigurationName = Release;
		};
		8D35905F2541D70800FA8333 /* Build configuration list for PBXNativeTarget "The Mars Roll iOSTests" */ = {
			isa = XCConfigurationList;
			buildConfigurations = (
				8D3590602541D70800FA8333 /* Debug */,
				8D3590612541D70800FA8333 /* Release */,
			);
			defaultConfigurationIsVisible = 0;
			defaultConfigurationName = Release;
		};
		8D3590622541D70800FA8333 /* Build configuration list for PBXNativeTarget "The Mars Roll iOSUITests" */ = {
			isa = XCConfigurationList;
			buildConfigurations = (
				8D3590632541D70800FA8333 /* Debug */,
				8D3590642541D70800FA8333 /* Release */,
			);
			defaultConfigurationIsVisible = 0;
			defaultConfigurationName = Release;
		};
/* End XCConfigurationList section */

/* Begin XCVersionGroup section */
		8D35903B2541D70800FA8333 /* The_Mars_Roll_iOS.xcdatamodeld */ = {
			isa = XCVersionGroup;
			children = (
				8D35903C2541D70800FA8333 /* The_Mars_Roll_iOS.xcdatamodel */,
			);
			currentVersion = 8D35903C2541D70800FA8333 /* The_Mars_Roll_iOS.xcdatamodel */;
			path = The_Mars_Roll_iOS.xcdatamodeld;
			sourceTree = "<group>";
			versionGroupType = wrapper.xcdatamodel;
		};
/* End XCVersionGroup section */
	};
	rootObject = 8D3590272541D70700FA8333 /* Project object */;
}
